
Microsoft Visual Studio Solution File, Format Version 12.00
# Visual Studio Version 16
VisualStudioVersion = 16.0.31729.503
MinimumVisualStudioVersion = 10.0.40219.1
Project("{FAE04EC0-301F-11D3-BF4B-00C04F79EFBC}") = "ProyectoDAI", "ProyectoDAI.csproj", "{AEFF5340-0C10-465F-B445-E9339FC447DC}"
EndProject
Global
	GlobalSection(SolutionConfigurationPlatforms) = preSolution
		Debug|Any CPU = Debug|Any CPU
		Release|Any CPU = Release|Any CPU
	EndGlobalSection
	GlobalSection(ProjectConfigurationPlatforms) = postSolution
		{AEFF5340-0C10-465F-B445-E9339FC447DC}.Debug|Any CPU.ActiveCfg = Debug|Any CPU
		{AEFF5340-0C10-465F-B445-E9339FC447DC}.Debug|Any CPU.Build.0 = Debug|Any CPU
		{AEFF5340-0C10-465F-B445-E9339FC447DC}.Release|Any CPU.ActiveCfg = Release|Any CPU
		{AEFF5340-0C10-465F-B445-E9339FC447DC}.Release|Any CPU.Build.0 = Release|Any CPU
	EndGlobalSection
	GlobalSection(SolutionProperties) = preSolution
		HideSolutionNode = FALSE
	EndGlobalSection
	GlobalSection(ExtensibilityGlobals) = postSolution
		SolutionGuid = {F613C9F2-EB29-4E67-B24E-7B2782DBBEEB}
	EndGlobalSection
EndGlobal
